// !$*UTF8*$!
{
	archiveVersion = 1;
	classes = {
	};
	objectVersion = 77;
	objects = {

/* Begin PBXBuildFile section */
		421E92502D1435B50049D82F /* RecordType.swift in Sources */ = {isa = PBXBuildFile; fileRef = 421E924F2D1435B50049D82F /* RecordType.swift */; };
		421E92542D15804A0049D82F /* IncomeCategoryListView.swift in Sources */ = {isa = PBXBuildFile; fileRef = 421E92532D15804A0049D82F /* IncomeCategoryListView.swift */; };
		421E92562D1580C10049D82F /* IncomeCategory.swift in Sources */ = {isa = PBXBuildFile; fileRef = 421E92552D1580C10049D82F /* IncomeCategory.swift */; };
		421E925E2D1717990049D82F /* ExpenseTransactionsView.swift in Sources */ = {isa = PBXBuildFile; fileRef = 421E925D2D1717990049D82F /* ExpenseTransactionsView.swift */; };
		421E92632D171AA80049D82F /* IncomeHomeListItemView.swift in Sources */ = {isa = PBXBuildFile; fileRef = 421E92622D171AA80049D82F /* IncomeHomeListItemView.swift */; };
		421E92652D1764BC0049D82F /* IncomeTransactionsView.swift in Sources */ = {isa = PBXBuildFile; fileRef = 421E92642D1764BC0049D82F /* IncomeTransactionsView.swift */; };
		423F2A8F2D0C470E0043B327 /* ExpenseCategory.swift in Sources */ = {isa = PBXBuildFile; fileRef = 423F2A8E2D0C470E0043B327 /* ExpenseCategory.swift */; };
		423F2A912D0C4ABB0043B327 /* ExpenseCategoryListView.swift in Sources */ = {isa = PBXBuildFile; fileRef = 423F2A902D0C4ABB0043B327 /* ExpenseCategoryListView.swift */; };
		423F2A932D0D90E70043B327 /* AddRecordNavBar.swift in Sources */ = {isa = PBXBuildFile; fileRef = 423F2A922D0D90E70043B327 /* AddRecordNavBar.swift */; };
		424866552D380AF300832374 /* TransactionViewModel.swift in Sources */ = {isa = PBXBuildFile; fileRef = 424866542D380AF300832374 /* TransactionViewModel.swift */; };
		424866572D3828AF00832374 /* DeleteConfirmationSheet.swift in Sources */ = {isa = PBXBuildFile; fileRef = 424866562D3828AF00832374 /* DeleteConfirmationSheet.swift */; };
		424866592D38512100832374 /* CurrencySettings.swift in Sources */ = {isa = PBXBuildFile; fileRef = 424866582D38512100832374 /* CurrencySettings.swift */; };
		4248665C2D38521600832374 /* CurrencySettingsView.swift in Sources */ = {isa = PBXBuildFile; fileRef = 4248665B2D38521600832374 /* CurrencySettingsView.swift */; };
		427D82FF2CF5DE57008A5238 /* MoneyContainer.xcdatamodeld in Sources */ = {isa = PBXBuildFile; fileRef = 427D82FD2CF5DE57008A5238 /* MoneyContainer.xcdatamodeld */; };
		42A148B02D1D6A44006BC1D6 /* TransactionItemView.swift in Sources */ = {isa = PBXBuildFile; fileRef = 42A148AF2D1D6A44006BC1D6 /* TransactionItemView.swift */; };
		42A148B22D1D6E53006BC1D6 /* TransactionContainerListAndDate.swift in Sources */ = {isa = PBXBuildFile; fileRef = 42A148B12D1D6E53006BC1D6 /* TransactionContainerListAndDate.swift */; };
		42A148B42D1DA4BA006BC1D6 /* TransactionMonthAmountView.swift in Sources */ = {isa = PBXBuildFile; fileRef = 42A148B32D1DA4BA006BC1D6 /* TransactionMonthAmountView.swift */; };
		42A148B62D1DA6FB006BC1D6 /* MonthYearPicker.swift in Sources */ = {isa = PBXBuildFile; fileRef = 42A148B52D1DA6FB006BC1D6 /* MonthYearPicker.swift */; };
		42B084D62D39737A00E8115A /* CurrencyData.swift in Sources */ = {isa = PBXBuildFile; fileRef = 42B084D52D39737A00E8115A /* CurrencyData.swift */; };
		42B64F7D2D2AD85500B3AA62 /* SettingsViewButton.swift in Sources */ = {isa = PBXBuildFile; fileRef = 42B64F7C2D2AD85500B3AA62 /* SettingsViewButton.swift */; };
		42D606642CCEB7DC0029BD7E /* Preview Assets.xcassets in Resources */ = {isa = PBXBuildFile; fileRef = 42D6065E2CCEB7DC0029BD7E /* Preview Assets.xcassets */; };
		42D606652CCEB7DC0029BD7E /* Assets.xcassets in Resources */ = {isa = PBXBuildFile; fileRef = 42D606602CCEB7DC0029BD7E /* Assets.xcassets */; };
		42D606662CCEB7DC0029BD7E /* TabBarView.swift in Sources */ = {isa = PBXBuildFile; fileRef = 42D606612CCEB7DC0029BD7E /* TabBarView.swift */; };
		42D606672CCEB7DC0029BD7E /* MoneyApp.swift in Sources */ = {isa = PBXBuildFile; fileRef = 42D606622CCEB7DC0029BD7E /* MoneyApp.swift */; };
		42D606712CD0EBCD0029BD7E /* HomeView.swift in Sources */ = {isa = PBXBuildFile; fileRef = 42D606702CD0EBCD0029BD7E /* HomeView.swift */; };
		42D606732CD0EBE90029BD7E /* SettingsView.swift in Sources */ = {isa = PBXBuildFile; fileRef = 42D606722CD0EBE90029BD7E /* SettingsView.swift */; };
		42D606762CD0F2B10029BD7E /* Color.swift in Sources */ = {isa = PBXBuildFile; fileRef = 42D606752CD0F2B10029BD7E /* Color.swift */; };
		42D6067A2CD3C1D60029BD7E /* CircleButtonView.swift in Sources */ = {isa = PBXBuildFile; fileRef = 42D606792CD3C1D60029BD7E /* CircleButtonView.swift */; };
		42D6067D2CD3C6430029BD7E /* SpendingCategoryCardView.swift in Sources */ = {isa = PBXBuildFile; fileRef = 42D6067C2CD3C6430029BD7E /* SpendingCategoryCardView.swift */; };
		42D6067F2CD3FAB70029BD7E /* ButtonTextChevron.swift in Sources */ = {isa = PBXBuildFile; fileRef = 42D6067E2CD3FAB70029BD7E /* ButtonTextChevron.swift */; };
		42D606812CD403D70029BD7E /* RoundedButtonTextView.swift in Sources */ = {isa = PBXBuildFile; fileRef = 42D606802CD403D70029BD7E /* RoundedButtonTextView.swift */; };
		42D606852CD56BCD0029BD7E /* TabBarItemView.swift in Sources */ = {isa = PBXBuildFile; fileRef = 42D606842CD56BCD0029BD7E /* TabBarItemView.swift */; };
		42D6068A2CD5713D0029BD7E /* ViewRouter.swift in Sources */ = {isa = PBXBuildFile; fileRef = 42D606892CD5713D0029BD7E /* ViewRouter.swift */; };
		42E966CF2CD927ED006F16AE /* AddRecordView.swift in Sources */ = {isa = PBXBuildFile; fileRef = 42E966CE2CD927ED006F16AE /* AddRecordView.swift */; };
		42E966D12CD94612006F16AE /* AddRecordNavBarButton.swift in Sources */ = {isa = PBXBuildFile; fileRef = 42E966D02CD94612006F16AE /* AddRecordNavBarButton.swift */; };
		42F6F82F2D099E0D00D489A8 /* MoneyViewModel.swift in Sources */ = {isa = PBXBuildFile; fileRef = 42F6F82E2D099E0D00D489A8 /* MoneyViewModel.swift */; };
		42F6F8362D09AA0800D489A8 /* PersistenceController.swift in Sources */ = {isa = PBXBuildFile; fileRef = 42F6F8352D09AA0800D489A8 /* PersistenceController.swift */; };
/* End PBXBuildFile section */

/* Begin PBXFileReference section */
		421E924F2D1435B50049D82F /* RecordType.swift */ = {isa = PBXFileReference; lastKnownFileType = sourcecode.swift; path = RecordType.swift; sourceTree = "<group>"; };
		421E92532D15804A0049D82F /* IncomeCategoryListView.swift */ = {isa = PBXFileReference; lastKnownFileType = sourcecode.swift; path = IncomeCategoryListView.swift; sourceTree = "<group>"; };
		421E92552D1580C10049D82F /* IncomeCategory.swift */ = {isa = PBXFileReference; lastKnownFileType = sourcecode.swift; path = IncomeCategory.swift; sourceTree = "<group>"; };
		421E925D2D1717990049D82F /* ExpenseTransactionsView.swift */ = {isa = PBXFileReference; lastKnownFileType = sourcecode.swift; path = ExpenseTransactionsView.swift; sourceTree = "<group>"; };
		421E92622D171AA80049D82F /* IncomeHomeListItemView.swift */ = {isa = PBXFileReference; lastKnownFileType = sourcecode.swift; path = IncomeHomeListItemView.swift; sourceTree = "<group>"; };
		421E92642D1764BC0049D82F /* IncomeTransactionsView.swift */ = {isa = PBXFileReference; lastKnownFileType = sourcecode.swift; path = IncomeTransactionsView.swift; sourceTree = "<group>"; };
		423F2A8E2D0C470E0043B327 /* ExpenseCategory.swift */ = {isa = PBXFileReference; lastKnownFileType = sourcecode.swift; path = ExpenseCategory.swift; sourceTree = "<group>"; };
		423F2A902D0C4ABB0043B327 /* ExpenseCategoryListView.swift */ = {isa = PBXFileReference; lastKnownFileType = sourcecode.swift; path = ExpenseCategoryListView.swift; sourceTree = "<group>"; };
		423F2A922D0D90E70043B327 /* AddRecordNavBar.swift */ = {isa = PBXFileReference; lastKnownFileType = sourcecode.swift; path = AddRecordNavBar.swift; sourceTree = "<group>"; };
		424866542D380AF300832374 /* TransactionViewModel.swift */ = {isa = PBXFileReference; lastKnownFileType = sourcecode.swift; path = TransactionViewModel.swift; sourceTree = "<group>"; };
		424866562D3828AF00832374 /* DeleteConfirmationSheet.swift */ = {isa = PBXFileReference; lastKnownFileType = sourcecode.swift; path = DeleteConfirmationSheet.swift; sourceTree = "<group>"; };
		424866582D38512100832374 /* CurrencySettings.swift */ = {isa = PBXFileReference; lastKnownFileType = sourcecode.swift; path = CurrencySettings.swift; sourceTree = "<group>"; };
		4248665B2D38521600832374 /* CurrencySettingsView.swift */ = {isa = PBXFileReference; lastKnownFileType = sourcecode.swift; path = CurrencySettingsView.swift; sourceTree = "<group>"; };
		427D82FE2CF5DE57008A5238 /* MoneyContainer.xcdatamodel */ = {isa = PBXFileReference; lastKnownFileType = wrapper.xcdatamodel; path = MoneyContainer.xcdatamodel; sourceTree = "<group>"; };
		42A148AF2D1D6A44006BC1D6 /* TransactionItemView.swift */ = {isa = PBXFileReference; lastKnownFileType = sourcecode.swift; path = TransactionItemView.swift; sourceTree = "<group>"; };
		42A148B12D1D6E53006BC1D6 /* TransactionContainerListAndDate.swift */ = {isa = PBXFileReference; lastKnownFileType = sourcecode.swift; path = TransactionContainerListAndDate.swift; sourceTree = "<group>"; };
		42A148B32D1DA4BA006BC1D6 /* TransactionMonthAmountView.swift */ = {isa = PBXFileReference; lastKnownFileType = sourcecode.swift; path = TransactionMonthAmountView.swift; sourceTree = "<group>"; };
		42A148B52D1DA6FB006BC1D6 /* MonthYearPicker.swift */ = {isa = PBXFileReference; lastKnownFileType = sourcecode.swift; path = MonthYearPicker.swift; sourceTree = "<group>"; };
		42B084D52D39737A00E8115A /* CurrencyData.swift */ = {isa = PBXFileReference; lastKnownFileType = sourcecode.swift; path = CurrencyData.swift; sourceTree = "<group>"; };
		42B64F7C2D2AD85500B3AA62 /* SettingsViewButton.swift */ = {isa = PBXFileReference; lastKnownFileType = sourcecode.swift; path = SettingsViewButton.swift; sourceTree = "<group>"; };
		42D6064D2CCEB71D0029BD7E /* Money.app */ = {isa = PBXFileReference; explicitFileType = wrapper.application; includeInIndex = 0; path = Money.app; sourceTree = BUILT_PRODUCTS_DIR; };
		42D6065E2CCEB7DC0029BD7E /* Preview Assets.xcassets */ = {isa = PBXFileReference; lastKnownFileType = folder.assetcatalog; path = "Preview Assets.xcassets"; sourceTree = "<group>"; };
		42D606602CCEB7DC0029BD7E /* Assets.xcassets */ = {isa = PBXFileReference; lastKnownFileType = folder.assetcatalog; path = Assets.xcassets; sourceTree = "<group>"; };
		42D606612CCEB7DC0029BD7E /* TabBarView.swift */ = {isa = PBXFileReference; lastKnownFileType = sourcecode.swift; path = TabBarView.swift; sourceTree = "<group>"; };
		42D606622CCEB7DC0029BD7E /* MoneyApp.swift */ = {isa = PBXFileReference; lastKnownFileType = sourcecode.swift; path = MoneyApp.swift; sourceTree = "<group>"; };
		42D606702CD0EBCD0029BD7E /* HomeView.swift */ = {isa = PBXFileReference; lastKnownFileType = sourcecode.swift; path = HomeView.swift; sourceTree = "<group>"; };
		42D606722CD0EBE90029BD7E /* SettingsView.swift */ = {isa = PBXFileReference; lastKnownFileType = sourcecode.swift; path = SettingsView.swift; sourceTree = "<group>"; };
		42D606752CD0F2B10029BD7E /* Color.swift */ = {isa = PBXFileReference; lastKnownFileType = sourcecode.swift; path = Color.swift; sourceTree = "<group>"; };
		42D606792CD3C1D60029BD7E /* CircleButtonView.swift */ = {isa = PBXFileReference; lastKnownFileType = sourcecode.swift; path = CircleButtonView.swift; sourceTree = "<group>"; };
		42D6067C2CD3C6430029BD7E /* SpendingCategoryCardView.swift */ = {isa = PBXFileReference; lastKnownFileType = sourcecode.swift; path = SpendingCategoryCardView.swift; sourceTree = "<group>"; };
		42D6067E2CD3FAB70029BD7E /* ButtonTextChevron.swift */ = {isa = PBXFileReference; lastKnownFileType = sourcecode.swift; path = ButtonTextChevron.swift; sourceTree = "<group>"; };
		42D606802CD403D70029BD7E /* RoundedButtonTextView.swift */ = {isa = PBXFileReference; lastKnownFileType = sourcecode.swift; path = RoundedButtonTextView.swift; sourceTree = "<group>"; };
		42D606842CD56BCD0029BD7E /* TabBarItemView.swift */ = {isa = PBXFileReference; lastKnownFileType = sourcecode.swift; path = TabBarItemView.swift; sourceTree = "<group>"; };
		42D606892CD5713D0029BD7E /* ViewRouter.swift */ = {isa = PBXFileReference; lastKnownFileType = sourcecode.swift; path = ViewRouter.swift; sourceTree = "<group>"; };
		42E966CE2CD927ED006F16AE /* AddRecordView.swift */ = {isa = PBXFileReference; lastKnownFileType = sourcecode.swift; path = AddRecordView.swift; sourceTree = "<group>"; };
		42E966D02CD94612006F16AE /* AddRecordNavBarButton.swift */ = {isa = PBXFileReference; lastKnownFileType = sourcecode.swift; path = AddRecordNavBarButton.swift; sourceTree = "<group>"; };
		42F6F82E2D099E0D00D489A8 /* MoneyViewModel.swift */ = {isa = PBXFileReference; lastKnownFileType = sourcecode.swift; path = MoneyViewModel.swift; sourceTree = "<group>"; };
		42F6F8352D09AA0800D489A8 /* PersistenceController.swift */ = {isa = PBXFileReference; lastKnownFileType = sourcecode.swift; path = PersistenceController.swift; sourceTree = "<group>"; };
/* End PBXFileReference section */

/* Begin PBXFrameworksBuildPhase section */
		42D6064A2CCEB71D0029BD7E /* Frameworks */ = {
			isa = PBXFrameworksBuildPhase;
			buildActionMask = 2147483647;
			files = (
			);
			runOnlyForDeploymentPostprocessing = 0;
		};
/* End PBXFrameworksBuildPhase section */

/* Begin PBXGroup section */
		421E924D2D1435230049D82F /* HomeModel */ = {
			isa = PBXGroup;
			children = (
			);
			path = HomeModel;
			sourceTree = "<group>";
		};
		421E924E2D1435330049D82F /* AddRecordModel */ = {
			isa = PBXGroup;
			children = (
				423F2A8E2D0C470E0043B327 /* ExpenseCategory.swift */,
				421E924F2D1435B50049D82F /* RecordType.swift */,
				421E92552D1580C10049D82F /* IncomeCategory.swift */,
			);
			path = AddRecordModel;
			sourceTree = "<group>";
		};
		423F2A8C2D0AF6740043B327 /* Persistence */ = {
			isa = PBXGroup;
			children = (
				42F6F8352D09AA0800D489A8 /* PersistenceController.swift */,
			);
			path = Persistence;
			sourceTree = "<group>";
		};
		424866532D38092900832374 /* TransactionViewModel */ = {
			isa = PBXGroup;
			children = (
				424866542D380AF300832374 /* TransactionViewModel.swift */,
			);
			path = TransactionViewModel;
			sourceTree = "<group>";
		};
		4248665A2D3851ED00832374 /* Settings */ = {
			isa = PBXGroup;
			children = (
				4248665B2D38521600832374 /* CurrencySettingsView.swift */,
			);
			path = Settings;
			sourceTree = "<group>";
		};
		427D82FC2CECA082008A5238 /* Models */ = {
			isa = PBXGroup;
			children = (
				42B084D12D39087E00E8115A /* SettingsModel */,
				421E924E2D1435330049D82F /* AddRecordModel */,
				421E924D2D1435230049D82F /* HomeModel */,
				42F6F8342D09A9F400D489A8 /* CoreData */,
			);
			path = Models;
			sourceTree = "<group>";
		};
		42B084D12D39087E00E8115A /* SettingsModel */ = {
			isa = PBXGroup;
			children = (
				424866582D38512100832374 /* CurrencySettings.swift */,
				42B084D52D39737A00E8115A /* CurrencyData.swift */,
			);
			path = SettingsModel;
			sourceTree = "<group>";
		};
		42B8107D2D3196BA003542B2 /* TransactionsView */ = {
			isa = PBXGroup;
			children = (
				421E925D2D1717990049D82F /* ExpenseTransactionsView.swift */,
				421E92642D1764BC0049D82F /* IncomeTransactionsView.swift */,
			);
			path = TransactionsView;
			sourceTree = "<group>";
		};
		42B8107E2D319732003542B2 /* TXNComponents */ = {
			isa = PBXGroup;
			children = (
				42A148B52D1DA6FB006BC1D6 /* MonthYearPicker.swift */,
				42A148B32D1DA4BA006BC1D6 /* TransactionMonthAmountView.swift */,
				42A148B12D1D6E53006BC1D6 /* TransactionContainerListAndDate.swift */,
				42A148AF2D1D6A44006BC1D6 /* TransactionItemView.swift */,
				421E92622D171AA80049D82F /* IncomeHomeListItemView.swift */,
				424866562D3828AF00832374 /* DeleteConfirmationSheet.swift */,
			);
			path = TXNComponents;
			sourceTree = "<group>";
		};
		42B8107F2D3197E4003542B2 /* TabBarComponents */ = {
			isa = PBXGroup;
			children = (
				42D606842CD56BCD0029BD7E /* TabBarItemView.swift */,
			);
			path = TabBarComponents;
			sourceTree = "<group>";
		};
		42B810802D31982C003542B2 /* HomeComponents */ = {
			isa = PBXGroup;
			children = (
				42D6067C2CD3C6430029BD7E /* SpendingCategoryCardView.swift */,
			);
			path = HomeComponents;
			sourceTree = "<group>";
		};
		42B810812D319889003542B2 /* AddRecordView */ = {
			isa = PBXGroup;
			children = (
				421E92532D15804A0049D82F /* IncomeCategoryListView.swift */,
				423F2A902D0C4ABB0043B327 /* ExpenseCategoryListView.swift */,
				42E966CE2CD927ED006F16AE /* AddRecordView.swift */,
			);
			path = AddRecordView;
			sourceTree = "<group>";
		};
		42B810822D3199D7003542B2 /* AddRecordComponents */ = {
			isa = PBXGroup;
			children = (
				423F2A922D0D90E70043B327 /* AddRecordNavBar.swift */,
			);
			path = AddRecordComponents;
			sourceTree = "<group>";
		};
		42B810832D319A1F003542B2 /* SettingsComponents */ = {
			isa = PBXGroup;
			children = (
				42B64F7C2D2AD85500B3AA62 /* SettingsViewButton.swift */,
			);
			path = SettingsComponents;
			sourceTree = "<group>";
		};
		42D606442CCEB71D0029BD7E = {
			isa = PBXGroup;
			children = (
				42D606632CCEB7DC0029BD7E /* Money */,
				42D6064E2CCEB71D0029BD7E /* Products */,
			);
			sourceTree = "<group>";
		};
		42D6064E2CCEB71D0029BD7E /* Products */ = {
			isa = PBXGroup;
			children = (
				42D6064D2CCEB71D0029BD7E /* Money.app */,
			);
			name = Products;
			sourceTree = "<group>";
		};
		42D6065F2CCEB7DC0029BD7E /* Preview Content */ = {
			isa = PBXGroup;
			children = (
				42D6065E2CCEB7DC0029BD7E /* Preview Assets.xcassets */,
			);
			path = "Preview Content";
			sourceTree = "<group>";
		};
		42D606632CCEB7DC0029BD7E /* Money */ = {
			isa = PBXGroup;
			children = (
				42D606622CCEB7DC0029BD7E /* MoneyApp.swift */,
				42D606602CCEB7DC0029BD7E /* Assets.xcassets */,
				427D82FC2CECA082008A5238 /* Models */,
				423F2A8C2D0AF6740043B327 /* Persistence */,
				42F6F82D2D099DE300D489A8 /* ViewModels */,
				42D606682CD0EB3D0029BD7E /* Core */,
				42F6F8282D04CAF700D489A8 /* Services */,
				42D606742CD0F29E0029BD7E /* Extensions */,
				42D606872CD570BA0029BD7E /* Router */,
				42D6065F2CCEB7DC0029BD7E /* Preview Content */,
			);
			path = Money;
			sourceTree = "<group>";
		};
		42D606682CD0EB3D0029BD7E /* Core */ = {
			isa = PBXGroup;
			children = (
				4248665A2D3851ED00832374 /* Settings */,
				42D606612CCEB7DC0029BD7E /* TabBarView.swift */,
				42D606702CD0EBCD0029BD7E /* HomeView.swift */,
				42D606722CD0EBE90029BD7E /* SettingsView.swift */,
				42B810812D319889003542B2 /* AddRecordView */,
				42B8107D2D3196BA003542B2 /* TransactionsView */,
				42D606772CD3C15D0029BD7E /* Components */,
			);
			path = Core;
			sourceTree = "<group>";
		};
		42D606742CD0F29E0029BD7E /* Extensions */ = {
			isa = PBXGroup;
			children = (
				42D606752CD0F2B10029BD7E /* Color.swift */,
			);
			path = Extensions;
			sourceTree = "<group>";
		};
		42D606772CD3C15D0029BD7E /* Components */ = {
			isa = PBXGroup;
			children = (
				42B810832D319A1F003542B2 /* SettingsComponents */,
				42B810822D3199D7003542B2 /* AddRecordComponents */,
				42B810802D31982C003542B2 /* HomeComponents */,
				42B8107F2D3197E4003542B2 /* TabBarComponents */,
				42B8107E2D319732003542B2 /* TXNComponents */,
				42D606782CD3C1B40029BD7E /* Buttons */,
			);
			path = Components;
			sourceTree = "<group>";
		};
		42D606782CD3C1B40029BD7E /* Buttons */ = {
			isa = PBXGroup;
			children = (
				42D606792CD3C1D60029BD7E /* CircleButtonView.swift */,
				42D6067E2CD3FAB70029BD7E /* ButtonTextChevron.swift */,
				42D606802CD403D70029BD7E /* RoundedButtonTextView.swift */,
				42E966D02CD94612006F16AE /* AddRecordNavBarButton.swift */,
			);
			path = Buttons;
			sourceTree = "<group>";
		};
		42D606872CD570BA0029BD7E /* Router */ = {
			isa = PBXGroup;
			children = (
				42D606892CD5713D0029BD7E /* ViewRouter.swift */,
			);
			path = Router;
			sourceTree = "<group>";
		};
		42F6F8282D04CAF700D489A8 /* Services */ = {
			isa = PBXGroup;
			children = (
			);
			path = Services;
			sourceTree = "<group>";
		};
		42F6F82D2D099DE300D489A8 /* ViewModels */ = {
			isa = PBXGroup;
			children = (
				42F6F82E2D099E0D00D489A8 /* MoneyViewModel.swift */,
				424866532D38092900832374 /* TransactionViewModel */,
			);
			path = ViewModels;
			sourceTree = "<group>";
		};
		42F6F8342D09A9F400D489A8 /* CoreData */ = {
			isa = PBXGroup;
			children = (
				427D82FD2CF5DE57008A5238 /* MoneyContainer.xcdatamodeld */,
			);
			path = CoreData;
			sourceTree = "<group>";
		};
/* End PBXGroup section */

/* Begin PBXNativeTarget section */
		42D6064C2CCEB71D0029BD7E /* Money */ = {
			isa = PBXNativeTarget;
			buildConfigurationList = 42D6065B2CCEB71E0029BD7E /* Build configuration list for PBXNativeTarget "Money" */;
			buildPhases = (
				42D606492CCEB71D0029BD7E /* Sources */,
				42D6064A2CCEB71D0029BD7E /* Frameworks */,
				42D6064B2CCEB71D0029BD7E /* Resources */,
			);
			buildRules = (
			);
			dependencies = (
			);
			name = Money;
			packageProductDependencies = (
			);
			productName = Money;
			productReference = 42D6064D2CCEB71D0029BD7E /* Money.app */;
			productType = "com.apple.product-type.application";
		};
/* End PBXNativeTarget section */

/* Begin PBXProject section */
		42D606452CCEB71D0029BD7E /* Project object */ = {
			isa = PBXProject;
			attributes = {
				BuildIndependentTargetsInParallel = 1;
				LastSwiftUpdateCheck = 1600;
				LastUpgradeCheck = 1600;
				TargetAttributes = {
					42D6064C2CCEB71D0029BD7E = {
						CreatedOnToolsVersion = 16.0;
					};
				};
			};
			buildConfigurationList = 42D606482CCEB71D0029BD7E /* Build configuration list for PBXProject "Money" */;
			developmentRegion = en;
			hasScannedForEncodings = 0;
			knownRegions = (
				en,
				Base,
			);
			mainGroup = 42D606442CCEB71D0029BD7E;
			minimizedProjectReferenceProxies = 1;
			preferredProjectObjectVersion = 77;
			productRefGroup = 42D6064E2CCEB71D0029BD7E /* Products */;
			projectDirPath = "";
			projectRoot = "";
			targets = (
				42D6064C2CCEB71D0029BD7E /* Money */,
			);
		};
/* End PBXProject section */

/* Begin PBXResourcesBuildPhase section */
		42D6064B2CCEB71D0029BD7E /* Resources */ = {
			isa = PBXResourcesBuildPhase;
			buildActionMask = 2147483647;
			files = (
				42D606642CCEB7DC0029BD7E /* Preview Assets.xcassets in Resources */,
				42D606652CCEB7DC0029BD7E /* Assets.xcassets in Resources */,
			);
			runOnlyForDeploymentPostprocessing = 0;
		};
/* End PBXResourcesBuildPhase section */

/* Begin PBXSourcesBuildPhase section */
		42D606492CCEB71D0029BD7E /* Sources */ = {
			isa = PBXSourcesBuildPhase;
			buildActionMask = 2147483647;
			files = (
				42D6067A2CD3C1D60029BD7E /* CircleButtonView.swift in Sources */,
				423F2A932D0D90E70043B327 /* AddRecordNavBar.swift in Sources */,
				42A148B02D1D6A44006BC1D6 /* TransactionItemView.swift in Sources */,
				42D606712CD0EBCD0029BD7E /* HomeView.swift in Sources */,
				42D6067D2CD3C6430029BD7E /* SpendingCategoryCardView.swift in Sources */,
				421E92632D171AA80049D82F /* IncomeHomeListItemView.swift in Sources */,
				42D6068A2CD5713D0029BD7E /* ViewRouter.swift in Sources */,
				42E966D12CD94612006F16AE /* AddRecordNavBarButton.swift in Sources */,
				423F2A8F2D0C470E0043B327 /* ExpenseCategory.swift in Sources */,
				42F6F82F2D099E0D00D489A8 /* MoneyViewModel.swift in Sources */,
				42D6067F2CD3FAB70029BD7E /* ButtonTextChevron.swift in Sources */,
				424866552D380AF300832374 /* TransactionViewModel.swift in Sources */,
				421E92542D15804A0049D82F /* IncomeCategoryListView.swift in Sources */,
				42A148B22D1D6E53006BC1D6 /* TransactionContainerListAndDate.swift in Sources */,
				424866572D3828AF00832374 /* DeleteConfirmationSheet.swift in Sources */,
				42D606812CD403D70029BD7E /* RoundedButtonTextView.swift in Sources */,
				42D606732CD0EBE90029BD7E /* SettingsView.swift in Sources */,
				42D606852CD56BCD0029BD7E /* TabBarItemView.swift in Sources */,
				42B084D62D39737A00E8115A /* CurrencyData.swift in Sources */,
				42F6F8362D09AA0800D489A8 /* PersistenceController.swift in Sources */,
				427D82FF2CF5DE57008A5238 /* MoneyContainer.xcdatamodeld in Sources */,
				423F2A912D0C4ABB0043B327 /* ExpenseCategoryListView.swift in Sources */,
				42D606662CCEB7DC0029BD7E /* TabBarView.swift in Sources */,
				421E92502D1435B50049D82F /* RecordType.swift in Sources */,
				424866592D38512100832374 /* CurrencySettings.swift in Sources */,
				42A148B62D1DA6FB006BC1D6 /* MonthYearPicker.swift in Sources */,
				421E92562D1580C10049D82F /* IncomeCategory.swift in Sources */,
				42E966CF2CD927ED006F16AE /* AddRecordView.swift in Sources */,
				421E925E2D1717990049D82F /* ExpenseTransactionsView.swift in Sources */,
				42A148B42D1DA4BA006BC1D6 /* TransactionMonthAmountView.swift in Sources */,
				421E92652D1764BC0049D82F /* IncomeTransactionsView.swift in Sources */,
				42D606762CD0F2B10029BD7E /* Color.swift in Sources */,
				42B64F7D2D2AD85500B3AA62 /* SettingsViewButton.swift in Sources */,
				4248665C2D38521600832374 /* CurrencySettingsView.swift in Sources */,
				42D606672CCEB7DC0029BD7E /* MoneyApp.swift in Sources */,
			);
			runOnlyForDeploymentPostprocessing = 0;
		};
/* End PBXSourcesBuildPhase section */

/* Begin XCBuildConfiguration section */
		42D606592CCEB71E0029BD7E /* Debug */ = {
			isa = XCBuildConfiguration;
			buildSettings = {
				ALWAYS_SEARCH_USER_PATHS = NO;
				ASSETCATALOG_COMPILER_GENERATE_SWIFT_ASSET_SYMBOL_EXTENSIONS = YES;
				CLANG_ANALYZER_NONNULL = YES;
				CLANG_ANALYZER_NUMBER_OBJECT_CONVERSION = YES_AGGRESSIVE;
				CLANG_CXX_LANGUAGE_STANDARD = "gnu++20";
				CLANG_ENABLE_MODULES = YES;
				CLANG_ENABLE_OBJC_ARC = YES;
				CLANG_ENABLE_OBJC_WEAK = YES;
				CLANG_WARN_BLOCK_CAPTURE_AUTORELEASING = YES;
				CLANG_WARN_BOOL_CONVERSION = YES;
				CLANG_WARN_COMMA = YES;
				CLANG_WARN_CONSTANT_CONVERSION = YES;
				CLANG_WARN_DEPRECATED_OBJC_IMPLEMENTATIONS = YES;
				CLANG_WARN_DIRECT_OBJC_ISA_USAGE = YES_ERROR;
				CLANG_WARN_DOCUMENTATION_COMMENTS = YES;
				CLANG_WARN_EMPTY_BODY = YES;
				CLANG_WARN_ENUM_CONVERSION = YES;
				CLANG_WARN_INFINITE_RECURSION = YES;
				CLANG_WARN_INT_CONVERSION = YES;
				CLANG_WARN_NON_LITERAL_NULL_CONVERSION = YES;
				CLANG_WARN_OBJC_IMPLICIT_RETAIN_SELF = YES;
				CLANG_WARN_OBJC_LITERAL_CONVERSION = YES;
				CLANG_WARN_OBJC_ROOT_CLASS = YES_ERROR;
				CLANG_WARN_QUOTED_INCLUDE_IN_FRAMEWORK_HEADER = YES;
				CLANG_WARN_RANGE_LOOP_ANALYSIS = YES;
				CLANG_WARN_STRICT_PROTOTYPES = YES;
				CLANG_WARN_SUSPICIOUS_MOVE = YES;
				CLANG_WARN_UNGUARDED_AVAILABILITY = YES_AGGRESSIVE;
				CLANG_WARN_UNREACHABLE_CODE = YES;
				CLANG_WARN__DUPLICATE_METHOD_MATCH = YES;
				COPY_PHASE_STRIP = NO;
				DEBUG_INFORMATION_FORMAT = dwarf;
				ENABLE_STRICT_OBJC_MSGSEND = YES;
				ENABLE_TESTABILITY = YES;
				ENABLE_USER_SCRIPT_SANDBOXING = YES;
				GCC_C_LANGUAGE_STANDARD = gnu17;
				GCC_DYNAMIC_NO_PIC = NO;
				GCC_NO_COMMON_BLOCKS = YES;
				GCC_OPTIMIZATION_LEVEL = 0;
				GCC_PREPROCESSOR_DEFINITIONS = (
					"DEBUG=1",
					"$(inherited)",
				);
				GCC_WARN_64_TO_32_BIT_CONVERSION = YES;
				GCC_WARN_ABOUT_RETURN_TYPE = YES_ERROR;
				GCC_WARN_UNDECLARED_SELECTOR = YES;
				GCC_WARN_UNINITIALIZED_AUTOS = YES_AGGRESSIVE;
				GCC_WARN_UNUSED_FUNCTION = YES;
				GCC_WARN_UNUSED_VARIABLE = YES;
				IPHONEOS_DEPLOYMENT_TARGET = 18.0;
				LOCALIZATION_PREFERS_STRING_CATALOGS = YES;
				MTL_ENABLE_DEBUG_INFO = INCLUDE_SOURCE;
				MTL_FAST_MATH = YES;
				ONLY_ACTIVE_ARCH = YES;
				SDKROOT = iphoneos;
				SWIFT_ACTIVE_COMPILATION_CONDITIONS = "DEBUG $(inherited)";
				SWIFT_OPTIMIZATION_LEVEL = "-Onone";
			};
			name = Debug;
		};
		42D6065A2CCEB71E0029BD7E /* Release */ = {
			isa = XCBuildConfiguration;
			buildSettings = {
				ALWAYS_SEARCH_USER_PATHS = NO;
				ASSETCATALOG_COMPILER_GENERATE_SWIFT_ASSET_SYMBOL_EXTENSIONS = YES;
				CLANG_ANALYZER_NONNULL = YES;
				CLANG_ANALYZER_NUMBER_OBJECT_CONVERSION = YES_AGGRESSIVE;
				CLANG_CXX_LANGUAGE_STANDARD = "gnu++20";
				CLANG_ENABLE_MODULES = YES;
				CLANG_ENABLE_OBJC_ARC = YES;
				CLANG_ENABLE_OBJC_WEAK = YES;
				CLANG_WARN_BLOCK_CAPTURE_AUTORELEASING = YES;
				CLANG_WARN_BOOL_CONVERSION = YES;
				CLANG_WARN_COMMA = YES;
				CLANG_WARN_CONSTANT_CONVERSION = YES;
				CLANG_WARN_DEPRECATED_OBJC_IMPLEMENTATIONS = YES;
				CLANG_WARN_DIRECT_OBJC_ISA_USAGE = YES_ERROR;
				CLANG_WARN_DOCUMENTATION_COMMENTS = YES;
				CLANG_WARN_EMPTY_BODY = YES;
				CLANG_WARN_ENUM_CONVERSION = YES;
				CLANG_WARN_INFINITE_RECURSION = YES;
				CLANG_WARN_INT_CONVERSION = YES;
				CLANG_WARN_NON_LITERAL_NULL_CONVERSION = YES;
				CLANG_WARN_OBJC_IMPLICIT_RETAIN_SELF = YES;
				CLANG_WARN_OBJC_LITERAL_CONVERSION = YES;
				CLANG_WARN_OBJC_ROOT_CLASS = YES_ERROR;
				CLANG_WARN_QUOTED_INCLUDE_IN_FRAMEWORK_HEADER = YES;
				CLANG_WARN_RANGE_LOOP_ANALYSIS = YES;
				CLANG_WARN_STRICT_PROTOTYPES = YES;
				CLANG_WARN_SUSPICIOUS_MOVE = YES;
				CLANG_WARN_UNGUARDED_AVAILABILITY = YES_AGGRESSIVE;
				CLANG_WARN_UNREACHABLE_CODE = YES;
				CLANG_WARN__DUPLICATE_METHOD_MATCH = YES;
				COPY_PHASE_STRIP = NO;
				DEBUG_INFORMATION_FORMAT = "dwarf-with-dsym";
				ENABLE_NS_ASSERTIONS = NO;
				ENABLE_STRICT_OBJC_MSGSEND = YES;
				ENABLE_USER_SCRIPT_SANDBOXING = YES;
				GCC_C_LANGUAGE_STANDARD = gnu17;
				GCC_NO_COMMON_BLOCKS = YES;
				GCC_WARN_64_TO_32_BIT_CONVERSION = YES;
				GCC_WARN_ABOUT_RETURN_TYPE = YES_ERROR;
				GCC_WARN_UNDECLARED_SELECTOR = YES;
				GCC_WARN_UNINITIALIZED_AUTOS = YES_AGGRESSIVE;
				GCC_WARN_UNUSED_FUNCTION = YES;
				GCC_WARN_UNUSED_VARIABLE = YES;
				IPHONEOS_DEPLOYMENT_TARGET = 18.0;
				LOCALIZATION_PREFERS_STRING_CATALOGS = YES;
				MTL_ENABLE_DEBUG_INFO = NO;
				MTL_FAST_MATH = YES;
				SDKROOT = iphoneos;
				SWIFT_COMPILATION_MODE = wholemodule;
				VALIDATE_PRODUCT = YES;
			};
			name = Release;
		};
		42D6065C2CCEB71E0029BD7E /* Debug */ = {
			isa = XCBuildConfiguration;
			buildSettings = {
				ASSETCATALOG_COMPILER_APPICON_NAME = AppIcon;
				ASSETCATALOG_COMPILER_GLOBAL_ACCENT_COLOR_NAME = AccentColor;
				CODE_SIGN_STYLE = Automatic;
				CURRENT_PROJECT_VERSION = 1;
				DEVELOPMENT_ASSET_PATHS = "\"Money/Preview Content\"";
				DEVELOPMENT_TEAM = GV4VF4D45P;
				ENABLE_PREVIEWS = YES;
				GENERATE_INFOPLIST_FILE = YES;
				INFOPLIST_KEY_UIApplicationSceneManifest_Generation = YES;
				INFOPLIST_KEY_UIApplicationSupportsIndirectInputEvents = YES;
				INFOPLIST_KEY_UILaunchScreen_Generation = YES;
				INFOPLIST_KEY_UISupportedInterfaceOrientations_iPad = "UIInterfaceOrientationPortrait UIInterfaceOrientationPortraitUpsideDown UIInterfaceOrientationLandscapeLeft UIInterfaceOrientationLandscapeRight";
				INFOPLIST_KEY_UISupportedInterfaceOrientations_iPhone = "UIInterfaceOrientationPortrait UIInterfaceOrientationLandscapeLeft UIInterfaceOrientationLandscapeRight";
				IPHONEOS_DEPLOYMENT_TARGET = 16.6;
				LD_RUNPATH_SEARCH_PATHS = (
					"$(inherited)",
					"@executable_path/Frameworks",
				);
				MARKETING_VERSION = 1.0;
				PRODUCT_BUNDLE_IDENTIFIER = com.ZANOCI.Money;
				PRODUCT_NAME = "$(TARGET_NAME)";
				SWIFT_EMIT_LOC_STRINGS = YES;
				SWIFT_VERSION = 5.0;
				TARGETED_DEVICE_FAMILY = "1,2";
			};
			name = Debug;
		};
		42D6065D2CCEB71E0029BD7E /* Release */ = {
			isa = XCBuildConfiguration;
			buildSettings = {
				ASSETCATALOG_COMPILER_APPICON_NAME = AppIcon;
				ASSETCATALOG_COMPILER_GLOBAL_ACCENT_COLOR_NAME = AccentColor;
				CODE_SIGN_STYLE = Automatic;
				CURRENT_PROJECT_VERSION = 1;
				DEVELOPMENT_ASSET_PATHS = "\"Money/Preview Content\"";
				DEVELOPMENT_TEAM = GV4VF4D45P;
				ENABLE_PREVIEWS = YES;
				GENERATE_INFOPLIST_FILE = YES;
				INFOPLIST_KEY_UIApplicationSceneManifest_Generation = YES;
				INFOPLIST_KEY_UIApplicationSupportsIndirectInputEvents = YES;
				INFOPLIST_KEY_UILaunchScreen_Generation = YES;
				INFOPLIST_KEY_UISupportedInterfaceOrientations_iPad = "UIInterfaceOrientationPortrait UIInterfaceOrientationPortraitUpsideDown UIInterfaceOrientationLandscapeLeft UIInterfaceOrientationLandscapeRight";
				INFOPLIST_KEY_UISupportedInterfaceOrientations_iPhone = "UIInterfaceOrientationPortrait UIInterfaceOrientationLandscapeLeft UIInterfaceOrientationLandscapeRight";
				IPHONEOS_DEPLOYMENT_TARGET = 16.6;
				LD_RUNPATH_SEARCH_PATHS = (
					"$(inherited)",
					"@executable_path/Frameworks",
				);
				MARKETING_VERSION = 1.0;
				PRODUCT_BUNDLE_IDENTIFIER = com.ZANOCI.Money;
				PRODUCT_NAME = "$(TARGET_NAME)";
				SWIFT_EMIT_LOC_STRINGS = YES;
				SWIFT_VERSION = 5.0;
				TARGETED_DEVICE_FAMILY = "1,2";
			};
			name = Release;
		};
/* End XCBuildConfiguration section */

/* Begin XCConfigurationList section */
		42D606482CCEB71D0029BD7E /* Build configuration list for PBXProject "Money" */ = {
			isa = XCConfigurationList;
			buildConfigurations = (
				42D606592CCEB71E0029BD7E /* Debug */,
				42D6065A2CCEB71E0029BD7E /* Release */,
			);
			defaultConfigurationIsVisible = 0;
			defaultConfigurationName = Release;
		};
		42D6065B2CCEB71E0029BD7E /* Build configuration list for PBXNativeTarget "Money" */ = {
			isa = XCConfigurationList;
			buildConfigurations = (
				42D6065C2CCEB71E0029BD7E /* Debug */,
				42D6065D2CCEB71E0029BD7E /* Release */,
			);
			defaultConfigurationIsVisible = 0;
			defaultConfigurationName = Release;
		};
/* End XCConfigurationList section */

/* Begin XCVersionGroup section */
		427D82FD2CF5DE57008A5238 /* MoneyContainer.xcdatamodeld */ = {
			isa = XCVersionGroup;
			children = (
				427D82FE2CF5DE57008A5238 /* MoneyContainer.xcdatamodel */,
			);
			currentVersion = 427D82FE2CF5DE57008A5238 /* MoneyContainer.xcdatamodel */;
			path = MoneyContainer.xcdatamodeld;
			sourceTree = "<group>";
			versionGroupType = wrapper.xcdatamodel;
		};
/* End XCVersionGroup section */
	};
	rootObject = 42D606452CCEB71D0029BD7E /* Project object */;
}
